
Microsoft Visual Studio Solution File, Format Version 12.00
# Visual Studio Version 16
VisualStudioVersion = 16.0.30320.27
MinimumVisualStudioVersion = 10.0.40219.1
Project("{FAE04EC0-301F-11D3-BF4B-00C04F79EFBC}") = "GeniesCoffeeShop", "GeniesCoffeeShop\GeniesCoffeeShop.csproj", "{29F5936E-F340-4840-A12C-A7C0A9346755}"
EndProject
Global
	GlobalSection(SolutionConfigurationPlatforms) = preSolution
		Debug|Any CPU = Debug|Any CPU
		Release|Any CPU = Release|Any CPU
	EndGlobalSection
	GlobalSection(ProjectConfigurationPlatforms) = postSolution
		{29F5936E-F340-4840-A12C-A7C0A9346755}.Debug|Any CPU.ActiveCfg = Debug|Any CPU
		{29F5936E-F340-4840-A12C-A7C0A9346755}.Debug|Any CPU.Build.0 = Debug|Any CPU
		{29F5936E-F340-4840-A12C-A7C0A9346755}.Release|Any CPU.ActiveCfg = Release|Any CPU
		{29F5936E-F340-4840-A12C-A7C0A9346755}.Release|Any CPU.Build.0 = Release|Any CPU
	EndGlobalSection
	GlobalSection(SolutionProperties) = preSolution
		HideSolutionNode = FALSE
	EndGlobalSection
	GlobalSection(ExtensibilityGlobals) = postSolution
		SolutionGuid = {59B9CC4D-5D4E-4B31-A4D7-5F025E6AB8DD}
	EndGlobalSection
EndGlobal
